
Microsoft Visual Studio Solution File, Format Version 12.00
# Visual Studio Version 17
VisualStudioVersion = 17.11.35303.130
MinimumVisualStudioVersion = 10.0.40219.1
Project("{FAE04EC0-301F-11D3-BF4B-00C04F79EFBC}") = "20241030", "20241030\20241030.csproj", "{A755333A-046A-4CC7-8B85-CD6BA9742175}"
EndProject
Global
	GlobalSection(SolutionConfigurationPlatforms) = preSolution
		Debug|Any CPU = Debug|Any CPU
		Release|Any CPU = Release|Any CPU
	EndGlobalSection
	GlobalSection(ProjectConfigurationPlatforms) = postSolution
		{A755333A-046A-4CC7-8B85-CD6BA9742175}.Debug|Any CPU.ActiveCfg = Debug|Any CPU
		{A755333A-046A-4CC7-8B85-CD6BA9742175}.Debug|Any CPU.Build.0 = Debug|Any CPU
		{A755333A-046A-4CC7-8B85-CD6BA9742175}.Release|Any CPU.ActiveCfg = Release|Any CPU
		{A755333A-046A-4CC7-8B85-CD6BA9742175}.Release|Any CPU.Build.0 = Release|Any CPU
	EndGlobalSection
	GlobalSection(SolutionProperties) = preSolution
		HideSolutionNode = FALSE
	EndGlobalSection
	GlobalSection(ExtensibilityGlobals) = postSolution
		SolutionGuid = {0CFFBC4E-E097-4864-92CC-B9117795BFAF}
	EndGlobalSection
EndGlobal
